
Microsoft Visual Studio Solution File, Format Version 12.00
# Visual Studio 15
VisualStudioVersion = 15.0.26114.2
MinimumVisualStudioVersion = 10.0.40219.1
Project("{2150E333-8FDC-42A3-9474-1A3956D46DE8}") = "src", "src", "{FD49E869-E8F2-4E40-837D-E0329F087D4A}"
EndProject
Project("{FAE04EC0-301F-11D3-BF4B-00C04F79EFBC}") = "Docker.PowerShell", "src\Docker.PowerShell\Docker.PowerShell.csproj", "{80808986-BECC-4A55-BB22-6E043296C2A1}"
EndProject
Project("{FAE04EC0-301F-11D3-BF4B-00C04F79EFBC}") = "Tar", "src\Tar\Tar.csproj", "{45A7CEA5-0398-4537-8A27-CD8803B4A602}"
EndProject
Project("{2150E333-8FDC-42A3-9474-1A3956D46DE8}") = "Docker.DotNet", "Docker.DotNet", "{A7661D8A-3521-4E9F-AF51-568DE0307DC2}"
EndProject
Project("{FAE04EC0-301F-11D3-BF4B-00C04F79EFBC}") = "Docker.DotNet", "src\Docker.DotNet\Docker.DotNet\Docker.DotNet.csproj", "{608732B7-02DB-4B7C-8B25-723E0C88C65E}"
EndProject
Project("{FAE04EC0-301F-11D3-BF4B-00C04F79EFBC}") = "Docker.DotNet.BasicAuth", "src\Docker.DotNet\Docker.DotNet.BasicAuth\Docker.DotNet.BasicAuth.csproj", "{7AD31764-31B2-4EFB-95B5-968E71D56A09}"
EndProject
Project("{FAE04EC0-301F-11D3-BF4B-00C04F79EFBC}") = "Docker.DotNet.X509", "src\Docker.DotNet\Docker.DotNet.X509\Docker.DotNet.X509.csproj", "{76B255D1-CEC6-4B6B-996C-DE77D6D7C0CA}"
EndProject
Global
	GlobalSection(SolutionConfigurationPlatforms) = preSolution
		Debug|Any CPU = Debug|Any CPU
		Release|Any CPU = Release|Any CPU
	EndGlobalSection
	GlobalSection(ProjectConfigurationPlatforms) = postSolution
		{80808986-BECC-4A55-BB22-6E043296C2A1}.Debug|Any CPU.ActiveCfg = Debug|Any CPU
		{80808986-BECC-4A55-BB22-6E043296C2A1}.Debug|Any CPU.Build.0 = Debug|Any CPU
		{80808986-BECC-4A55-BB22-6E043296C2A1}.Release|Any CPU.ActiveCfg = Release|Any CPU
		{80808986-BECC-4A55-BB22-6E043296C2A1}.Release|Any CPU.Build.0 = Release|Any CPU
		{45A7CEA5-0398-4537-8A27-CD8803B4A602}.Debug|Any CPU.ActiveCfg = Debug|Any CPU
		{45A7CEA5-0398-4537-8A27-CD8803B4A602}.Debug|Any CPU.Build.0 = Debug|Any CPU
		{45A7CEA5-0398-4537-8A27-CD8803B4A602}.Release|Any CPU.ActiveCfg = Release|Any CPU
		{45A7CEA5-0398-4537-8A27-CD8803B4A602}.Release|Any CPU.Build.0 = Release|Any CPU
		{608732B7-02DB-4B7C-8B25-723E0C88C65E}.Debug|Any CPU.ActiveCfg = Debug|Any CPU
		{608732B7-02DB-4B7C-8B25-723E0C88C65E}.Debug|Any CPU.Build.0 = Debug|Any CPU
		{608732B7-02DB-4B7C-8B25-723E0C88C65E}.Release|Any CPU.ActiveCfg = Release|Any CPU
		{608732B7-02DB-4B7C-8B25-723E0C88C65E}.Release|Any CPU.Build.0 = Release|Any CPU
		{7AD31764-31B2-4EFB-95B5-968E71D56A09}.Debug|Any CPU.ActiveCfg = Debug|Any CPU
		{7AD31764-31B2-4EFB-95B5-968E71D56A09}.Debug|Any CPU.Build.0 = Debug|Any CPU
		{7AD31764-31B2-4EFB-95B5-968E71D56A09}.Release|Any CPU.ActiveCfg = Release|Any CPU
		{7AD31764-31B2-4EFB-95B5-968E71D56A09}.Release|Any CPU.Build.0 = Release|Any CPU
		{76B255D1-CEC6-4B6B-996C-DE77D6D7C0CA}.Debug|Any CPU.ActiveCfg = Debug|Any CPU
		{76B255D1-CEC6-4B6B-996C-DE77D6D7C0CA}.Debug|Any CPU.Build.0 = Debug|Any CPU
		{76B255D1-CEC6-4B6B-996C-DE77D6D7C0CA}.Release|Any CPU.ActiveCfg = Release|Any CPU
		{76B255D1-CEC6-4B6B-996C-DE77D6D7C0CA}.Release|Any CPU.Build.0 = Release|Any CPU
	EndGlobalSection
	GlobalSection(SolutionProperties) = preSolution
		HideSolutionNode = FALSE
	EndGlobalSection
	GlobalSection(NestedProjects) = preSolution
		{80808986-BECC-4A55-BB22-6E043296C2A1} = {FD49E869-E8F2-4E40-837D-E0329F087D4A}
		{45A7CEA5-0398-4537-8A27-CD8803B4A602} = {FD49E869-E8F2-4E40-837D-E0329F087D4A}
		{A7661D8A-3521-4E9F-AF51-568DE0307DC2} = {FD49E869-E8F2-4E40-837D-E0329F087D4A}
		{608732B7-02DB-4B7C-8B25-723E0C88C65E} = {A7661D8A-3521-4E9F-AF51-568DE0307DC2}
		{7AD31764-31B2-4EFB-95B5-968E71D56A09} = {A7661D8A-3521-4E9F-AF51-568DE0307DC2}
		{76B255D1-CEC6-4B6B-996C-DE77D6D7C0CA} = {A7661D8A-3521-4E9F-AF51-568DE0307DC2}
	EndGlobalSection
EndGlobal
